// !$*UTF8*$!
{
	archiveVersion = 1;
	classes = {
	};
	objectVersion = 55;
	objects = {

/* Begin PBXBuildFile section */
		267A6555285943B00073E4E1 /* AppDelegate.m in Sources */ = {isa = PBXBuildFile; fileRef = 267A6554285943B00073E4E1 /* AppDelegate.m */; };
		267A6558285943B00073E4E1 /* SceneDelegate.m in Sources */ = {isa = PBXBuildFile; fileRef = 267A6557285943B00073E4E1 /* SceneDelegate.m */; };
		267A655B285943B00073E4E1 /* ViewController.m in Sources */ = {isa = PBXBuildFile; fileRef = 267A655A285943B00073E4E1 /* ViewController.m */; };
		267A655E285943B00073E4E1 /* Main.storyboard in Resources */ = {isa = PBXBuildFile; fileRef = 267A655C285943B00073E4E1 /* Main.storyboard */; };
		267A6560285943B00073E4E1 /* Assets.xcassets in Resources */ = {isa = PBXBuildFile; fileRef = 267A655F285943B00073E4E1 /* Assets.xcassets */; };
		267A6563285943B00073E4E1 /* LaunchScreen.storyboard in Resources */ = {isa = PBXBuildFile; fileRef = 267A6561285943B00073E4E1 /* LaunchScreen.storyboard */; };
		267A6566285943B00073E4E1 /* main.m in Sources */ = {isa = PBXBuildFile; fileRef = 267A6565285943B00073E4E1 /* main.m */; };
		267A6570285943B10073E4E1 /* TipsterTests.m in Sources */ = {isa = PBXBuildFile; fileRef = 267A656F285943B10073E4E1 /* TipsterTests.m */; };
		267A657A285943B10073E4E1 /* TipsterUITests.m in Sources */ = {isa = PBXBuildFile; fileRef = 267A6579285943B10073E4E1 /* TipsterUITests.m */; };
		267A657C285943B10073E4E1 /* TipsterUITestsLaunchTests.m in Sources */ = {isa = PBXBuildFile; fileRef = 267A657B285943B10073E4E1 /* TipsterUITestsLaunchTests.m */; };
/* End PBXBuildFile section */

/* Begin PBXContainerItemProxy section */
		267A656C285943B10073E4E1 /* PBXContainerItemProxy */ = {
			isa = PBXContainerItemProxy;
			containerPortal = 267A6548285943B00073E4E1 /* Project object */;
			proxyType = 1;
			remoteGlobalIDString = 267A654F285943B00073E4E1;
			remoteInfo = Tipster;
		};
		267A6576285943B10073E4E1 /* PBXContainerItemProxy */ = {
			isa = PBXContainerItemProxy;
			containerPortal = 267A6548285943B00073E4E1 /* Project object */;
			proxyType = 1;
			remoteGlobalIDString = 267A654F285943B00073E4E1;
			remoteInfo = Tipster;
		};
/* End PBXContainerItemProxy section */

/* Begin PBXFileReference section */
		267A6550285943B00073E4E1 /* Tipster.app */ = {isa = PBXFileReference; explicitFileType = wrapper.application; includeInIndex = 0; path = Tipster.app; sourceTree = BUILT_PRODUCTS_DIR; };
		267A6553285943B00073E4E1 /* AppDelegate.h */ = {isa = PBXFileReference; lastKnownFileType = sourcecode.c.h; path = AppDelegate.h; sourceTree = "<group>"; };
		267A6554285943B00073E4E1 /* AppDelegate.m */ = {isa = PBXFileReference; lastKnownFileType = sourcecode.c.objc; path = AppDelegate.m; sourceTree = "<group>"; };
		267A6556285943B00073E4E1 /* SceneDelegate.h */ = {isa = PBXFileReference; lastKnownFileType = sourcecode.c.h; path = SceneDelegate.h; sourceTree = "<group>"; };
		267A6557285943B00073E4E1 /* SceneDelegate.m */ = {isa = PBXFileReference; lastKnownFileType = sourcecode.c.objc; path = SceneDelegate.m; sourceTree = "<group>"; };
		267A6559285943B00073E4E1 /* ViewController.h */ = {isa = PBXFileReference; lastKnownFileType = sourcecode.c.h; path = ViewController.h; sourceTree = "<group>"; };
		267A655A285943B00073E4E1 /* ViewController.m */ = {isa = PBXFileReference; lastKnownFileType = sourcecode.c.objc; path = ViewController.m; sourceTree = "<group>"; };
		267A655D285943B00073E4E1 /* Base */ = {isa = PBXFileReference; lastKnownFileType = file.storyboard; name = Base; path = Base.lproj/Main.storyboard; sourceTree = "<group>"; };
		267A655F285943B00073E4E1 /* Assets.xcassets */ = {isa = PBXFileReference; lastKnownFileType = folder.assetcatalog; path = Assets.xcassets; sourceTree = "<group>"; };
		267A6562285943B00073E4E1 /* Base */ = {isa = PBXFileReference; lastKnownFileType = file.storyboard; name = Base; path = Base.lproj/LaunchScreen.storyboard; sourceTree = "<group>"; };
		267A6564285943B00073E4E1 /* Info.plist */ = {isa = PBXFileReference; lastKnownFileType = text.plist.xml; path = Info.plist; sourceTree = "<group>"; };
		267A6565285943B00073E4E1 /* main.m */ = {isa = PBXFileReference; lastKnownFileType = sourcecode.c.objc; path = main.m; sourceTree = "<group>"; };
		267A656B285943B10073E4E1 /* TipsterTests.xctest */ = {isa = PBXFileReference; explicitFileType = wrapper.cfbundle; includeInIndex = 0; path = TipsterTests.xctest; sourceTree = BUILT_PRODUCTS_DIR; };
		267A656F285943B10073E4E1 /* TipsterTests.m */ = {isa = PBXFileReference; lastKnownFileType = sourcecode.c.objc; path = TipsterTests.m; sourceTree = "<group>"; };
		267A6575285943B10073E4E1 /* TipsterUITests.xctest */ = {isa = PBXFileReference; explicitFileType = wrapper.cfbundle; includeInIndex = 0; path = TipsterUITests.xctest; sourceTree = BUILT_PRODUCTS_DIR; };
		267A6579285943B10073E4E1 /* TipsterUITests.m */ = {isa = PBXFileReference; lastKnownFileType = sourcecode.c.objc; path = TipsterUITests.m; sourceTree = "<group>"; };
		267A657B285943B10073E4E1 /* TipsterUITestsLaunchTests.m */ = {isa = PBXFileReference; lastKnownFileType = sourcecode.c.objc; path = TipsterUITestsLaunchTests.m; sourceTree = "<group>"; };
/* End PBXFileReference section */

/* Begin PBXFrameworksBuildPhase section */
		267A654D285943B00073E4E1 /* Frameworks */ = {
			isa = PBXFrameworksBuildPhase;
			buildActionMask = 2147483647;
			files = (
			);
			runOnlyForDeploymentPostprocessing = 0;
		};
		267A6568285943B10073E4E1 /* Frameworks */ = {
			isa = PBXFrameworksBuildPhase;
			buildActionMask = 2147483647;
			files = (
			);
			runOnlyForDeploymentPostprocessing = 0;
		};
		267A6572285943B10073E4E1 /* Frameworks */ = {
			isa = PBXFrameworksBuildPhase;
			buildActionMask = 2147483647;
			files = (
			);
			runOnlyForDeploymentPostprocessing = 0;
		};
/* End PBXFrameworksBuildPhase section */

/* Begin PBXGroup section */
		267A6547285943B00073E4E1 = {
			isa = PBXGroup;
			children = (
				267A6552285943B00073E4E1 /* Tipster */,
				267A656E285943B10073E4E1 /* TipsterTests */,
				267A6578285943B10073E4E1 /* TipsterUITests */,
				267A6551285943B00073E4E1 /* Products */,
			);
			sourceTree = "<group>";
		};
		267A6551285943B00073E4E1 /* Products */ = {
			isa = PBXGroup;
			children = (
				267A6550285943B00073E4E1 /* Tipster.app */,
				267A656B285943B10073E4E1 /* TipsterTests.xctest */,
				267A6575285943B10073E4E1 /* TipsterUITests.xctest */,
			);
			name = Products;
			sourceTree = "<group>";
		};
		267A6552285943B00073E4E1 /* Tipster */ = {
			isa = PBXGroup;
			children = (
				267A6553285943B00073E4E1 /* AppDelegate.h */,
				267A6554285943B00073E4E1 /* AppDelegate.m */,
				267A6556285943B00073E4E1 /* SceneDelegate.h */,
				267A6557285943B00073E4E1 /* SceneDelegate.m */,
				267A6559285943B00073E4E1 /* ViewController.h */,
				267A655A285943B00073E4E1 /* ViewController.m */,
				267A655C285943B00073E4E1 /* Main.storyboard */,
				267A655F285943B00073E4E1 /* Assets.xcassets */,
				267A6561285943B00073E4E1 /* LaunchScreen.storyboard */,
				267A6564285943B00073E4E1 /* Info.plist */,
				267A6565285943B00073E4E1 /* main.m */,
			);
			path = Tipster;
			sourceTree = "<group>";
		};
		267A656E285943B10073E4E1 /* TipsterTests */ = {
			isa = PBXGroup;
			children = (
				267A656F285943B10073E4E1 /* TipsterTests.m */,
			);
			path = TipsterTests;
			sourceTree = "<group>";
		};
		267A6578285943B10073E4E1 /* TipsterUITests */ = {
			isa = PBXGroup;
			children = (
				267A6579285943B10073E4E1 /* TipsterUITests.m */,
				267A657B285943B10073E4E1 /* TipsterUITestsLaunchTests.m */,
			);
			path = TipsterUITests;
			sourceTree = "<group>";
		};
/* End PBXGroup section */

/* Begin PBXNativeTarget section */
		267A654F285943B00073E4E1 /* Tipster */ = {
			isa = PBXNativeTarget;
			buildConfigurationList = 267A657F285943B10073E4E1 /* Build configuration list for PBXNativeTarget "Tipster" */;
			buildPhases = (
				267A654C285943B00073E4E1 /* Sources */,
				267A654D285943B00073E4E1 /* Frameworks */,
				267A654E285943B00073E4E1 /* Resources */,
			);
			buildRules = (
			);
			dependencies = (
			);
			name = Tipster;
			productName = Tipster;
			productReference = 267A6550285943B00073E4E1 /* Tipster.app */;
			productType = "com.apple.product-type.application";
		};
		267A656A285943B10073E4E1 /* TipsterTests */ = {
			isa = PBXNativeTarget;
			buildConfigurationList = 267A6582285943B10073E4E1 /* Build configuration list for PBXNativeTarget "TipsterTests" */;
			buildPhases = (
				267A6567285943B10073E4E1 /* Sources */,
				267A6568285943B10073E4E1 /* Frameworks */,
				267A6569285943B10073E4E1 /* Resources */,
			);
			buildRules = (
			);
			dependencies = (
				267A656D285943B10073E4E1 /* PBXTargetDependency */,
			);
			name = TipsterTests;
			productName = TipsterTests;
			productReference = 267A656B285943B10073E4E1 /* TipsterTests.xctest */;
			productType = "com.apple.product-type.bundle.unit-test";
		};
		267A6574285943B10073E4E1 /* TipsterUITests */ = {
			isa = PBXNativeTarget;
			buildConfigurationList = 267A6585285943B10073E4E1 /* Build configuration list for PBXNativeTarget "TipsterUITests" */;
			buildPhases = (
				267A6571285943B10073E4E1 /* Sources */,
				267A6572285943B10073E4E1 /* Frameworks */,
				267A6573285943B10073E4E1 /* Resources */,
			);
			buildRules = (
			);
			dependencies = (
				267A6577285943B10073E4E1 /* PBXTargetDependency */,
			);
			name = TipsterUITests;
			productName = TipsterUITests;
			productReference = 267A6575285943B10073E4E1 /* TipsterUITests.xctest */;
			productType = "com.apple.product-type.bundle.ui-testing";
		};
/* End PBXNativeTarget section */

/* Begin PBXProject section */
		267A6548285943B00073E4E1 /* Project object */ = {
			isa = PBXProject;
			attributes = {
				BuildIndependentTargetsInParallel = 1;
				LastUpgradeCheck = 1340;
				TargetAttributes = {
					267A654F285943B00073E4E1 = {
						CreatedOnToolsVersion = 13.4;
					};
					267A656A285943B10073E4E1 = {
						CreatedOnToolsVersion = 13.4;
						TestTargetID = 267A654F285943B00073E4E1;
					};
					267A6574285943B10073E4E1 = {
						CreatedOnToolsVersion = 13.4;
						TestTargetID = 267A654F285943B00073E4E1;
					};
				};
			};
			buildConfigurationList = 267A654B285943B00073E4E1 /* Build configuration list for PBXProject "Tipster" */;
			compatibilityVersion = "Xcode 13.0";
			developmentRegion = en;
			hasScannedForEncodings = 0;
			knownRegions = (
				en,
				Base,
			);
			mainGroup = 267A6547285943B00073E4E1;
			productRefGroup = 267A6551285943B00073E4E1 /* Products */;
			projectDirPath = "";
			projectRoot = "";
			targets = (
				267A654F285943B00073E4E1 /* Tipster */,
				267A656A285943B10073E4E1 /* TipsterTests */,
				267A6574285943B10073E4E1 /* TipsterUITests */,
			);
		};
/* End PBXProject section */

/* Begin PBXResourcesBuildPhase section */
		267A654E285943B00073E4E1 /* Resources */ = {
			isa = PBXResourcesBuildPhase;
			buildActionMask = 2147483647;
			files = (
				267A6563285943B00073E4E1 /* LaunchScreen.storyboard in Resources */,
				267A6560285943B00073E4E1 /* Assets.xcassets in Resources */,
				267A655E285943B00073E4E1 /* Main.storyboard in Resources */,
			);
			runOnlyForDeploymentPostprocessing = 0;
		};
		267A6569285943B10073E4E1 /* Resources */ = {
			isa = PBXResourcesBuildPhase;
			buildActionMask = 2147483647;
			files = (
			);
			runOnlyForDeploymentPostprocessing = 0;
		};
		267A6573285943B10073E4E1 /* Resources */ = {
			isa = PBXResourcesBuildPhase;
			buildActionMask = 2147483647;
			files = (
			);
			runOnlyForDeploymentPostprocessing = 0;
		};
/* End PBXResourcesBuildPhase section */

/* Begin PBXSourcesBuildPhase section */
		267A654C285943B00073E4E1 /* Sources */ = {
			isa = PBXSourcesBuildPhase;
			buildActionMask = 2147483647;
			files = (
				267A655B285943B00073E4E1 /* ViewController.m in Sources */,
				267A6555285943B00073E4E1 /* AppDelegate.m in Sources */,
				267A6566285943B00073E4E1 /* main.m in Sources */,
				267A6558285943B00073E4E1 /* SceneDelegate.m in Sources */,
			);
			runOnlyForDeploymentPostprocessing = 0;
		};
		267A6567285943B10073E4E1 /* Sources */ = {
			isa = PBXSourcesBuildPhase;
			buildActionMask = 2147483647;
			files = (
				267A6570285943B10073E4E1 /* TipsterTests.m in Sources */,
			);
			runOnlyForDeploymentPostprocessing = 0;
		};
		267A6571285943B10073E4E1 /* Sources */ = {
			isa = PBXSourcesBuildPhase;
			buildActionMask = 2147483647;
			files = (
				267A657C285943B10073E4E1 /* TipsterUITestsLaunchTests.m in Sources */,
				267A657A285943B10073E4E1 /* TipsterUITests.m in Sources */,
			);
			runOnlyForDeploymentPostprocessing = 0;
		};
/* End PBXSourcesBuildPhase section */

/* Begin PBXTargetDependency section */
		267A656D285943B10073E4E1 /* PBXTargetDependency */ = {
			isa = PBXTargetDependency;
			target = 267A654F285943B00073E4E1 /* Tipster */;
			targetProxy = 267A656C285943B10073E4E1 /* PBXContainerItemProxy */;
		};
		267A6577285943B10073E4E1 /* PBXTargetDependency */ = {
			isa = PBXTargetDependency;
			target = 267A654F285943B00073E4E1 /* Tipster */;
			targetProxy = 267A6576285943B10073E4E1 /* PBXContainerItemProxy */;
		};
/* End PBXTargetDependency section */

/* Begin PBXVariantGroup section */
		267A655C285943B00073E4E1 /* Main.storyboard */ = {
			isa = PBXVariantGroup;
			children = (
				267A655D285943B00073E4E1 /* Base */,
			);
			name = Main.storyboard;
			sourceTree = "<group>";
		};
		267A6561285943B00073E4E1 /* LaunchScreen.storyboard */ = {
			isa = PBXVariantGroup;
			children = (
				267A6562285943B00073E4E1 /* Base */,
			);
			name = LaunchScreen.storyboard;
			sourceTree = "<group>";
		};
/* End PBXVariantGroup section */

/* Begin XCBuildConfiguration section */
		267A657D285943B10073E4E1 /* Debug */ = {
			isa = XCBuildConfiguration;
			buildSettings = {
				ALWAYS_SEARCH_USER_PATHS = NO;
				CLANG_ANALYZER_NONNULL = YES;
				CLANG_ANALYZER_NUMBER_OBJECT_CONVERSION = YES_AGGRESSIVE;
				CLANG_CXX_LANGUAGE_STANDARD = "gnu++17";
				CLANG_ENABLE_MODULES = YES;
				CLANG_ENABLE_OBJC_ARC = YES;
				CLANG_ENABLE_OBJC_WEAK = YES;
				CLANG_WARN_BLOCK_CAPTURE_AUTORELEASING = YES;
				CLANG_WARN_BOOL_CONVERSION = YES;
				CLANG_WARN_COMMA = YES;
				CLANG_WARN_CONSTANT_CONVERSION = YES;
				CLANG_WARN_DEPRECATED_OBJC_IMPLEMENTATIONS = YES;
				CLANG_WARN_DIRECT_OBJC_ISA_USAGE = YES_ERROR;
				CLANG_WARN_DOCUMENTATION_COMMENTS = YES;
				CLANG_WARN_EMPTY_BODY = YES;
				CLANG_WARN_ENUM_CONVERSION = YES;
				CLANG_WARN_INFINITE_RECURSION = YES;
				CLANG_WARN_INT_CONVERSION = YES;
				CLANG_WARN_NON_LITERAL_NULL_CONVERSION = YES;
				CLANG_WARN_OBJC_IMPLICIT_RETAIN_SELF = YES;
				CLANG_WARN_OBJC_LITERAL_CONVERSION = YES;
				CLANG_WARN_OBJC_ROOT_CLASS = YES_ERROR;
				CLANG_WARN_QUOTED_INCLUDE_IN_FRAMEWORK_HEADER = YES;
				CLANG_WARN_RANGE_LOOP_ANALYSIS = YES;
				CLANG_WARN_STRICT_PROTOTYPES = YES;
				CLANG_WARN_SUSPICIOUS_MOVE = YES;
				CLANG_WARN_UNGUARDED_AVAILABILITY = YES_AGGRESSIVE;
				CLANG_WARN_UNREACHABLE_CODE = YES;
				CLANG_WARN__DUPLICATE_METHOD_MATCH = YES;
				COPY_PHASE_STRIP = NO;
				DEBUG_INFORMATION_FORMAT = dwarf;
				ENABLE_STRICT_OBJC_MSGSEND = YES;
				ENABLE_TESTABILITY = YES;
				GCC_C_LANGUAGE_STANDARD = gnu11;
				GCC_DYNAMIC_NO_PIC = NO;
				GCC_NO_COMMON_BLOCKS = YES;
				GCC_OPTIMIZATION_LEVEL = 0;
				GCC_PREPROCESSOR_DEFINITIONS = (
					"DEBUG=1",
					"$(inherited)",
				);
				GCC_WARN_64_TO_32_BIT_CONVERSION = YES;
				GCC_WARN_ABOUT_RETURN_TYPE = YES_ERROR;
				GCC_WARN_UNDECLARED_SELECTOR = YES;
				GCC_WARN_UNINITIALIZED_AUTOS = YES_AGGRESSIVE;
				GCC_WARN_UNUSED_FUNCTION = YES;
				GCC_WARN_UNUSED_VARIABLE = YES;
				IPHONEOS_DEPLOYMENT_TARGET = 15.5;
				MTL_ENABLE_DEBUG_INFO = INCLUDE_SOURCE;
				MTL_FAST_MATH = YES;
				ONLY_ACTIVE_ARCH = YES;
				SDKROOT = iphoneos;
			};
			name = Debug;
		};
		267A657E285943B10073E4E1 /* Release */ = {
			isa = XCBuildConfiguration;
			buildSettings = {
				ALWAYS_SEARCH_USER_PATHS = NO;
				CLANG_ANALYZER_NONNULL = YES;
				CLANG_ANALYZER_NUMBER_OBJECT_CONVERSION = YES_AGGRESSIVE;
				CLANG_CXX_LANGUAGE_STANDARD = "gnu++17";
				CLANG_ENABLE_MODULES = YES;
				CLANG_ENABLE_OBJC_ARC = YES;
				CLANG_ENABLE_OBJC_WEAK = YES;
				CLANG_WARN_BLOCK_CAPTURE_AUTORELEASING = YES;
				CLANG_WARN_BOOL_CONVERSION = YES;
				CLANG_WARN_COMMA = YES;
				CLANG_WARN_CONSTANT_CONVERSION = YES;
				CLANG_WARN_DEPRECATED_OBJC_IMPLEMENTATIONS = YES;
				CLANG_WARN_DIRECT_OBJC_ISA_USAGE = YES_ERROR;
				CLANG_WARN_DOCUMENTATION_COMMENTS = YES;
				CLANG_WARN_EMPTY_BODY = YES;
				CLANG_WARN_ENUM_CONVERSION = YES;
				CLANG_WARN_INFINITE_RECURSION = YES;
				CLANG_WARN_INT_CONVERSION = YES;
				CLANG_WARN_NON_LITERAL_NULL_CONVERSION = YES;
				CLANG_WARN_OBJC_IMPLICIT_RETAIN_SELF = YES;
				CLANG_WARN_OBJC_LITERAL_CONVERSION = YES;
				CLANG_WARN_OBJC_ROOT_CLASS = YES_ERROR;
				CLANG_WARN_QUOTED_INCLUDE_IN_FRAMEWORK_HEADER = YES;
				CLANG_WARN_RANGE_LOOP_ANALYSIS = YES;
				CLANG_WARN_STRICT_PROTOTYPES = YES;
				CLANG_WARN_SUSPICIOUS_MOVE = YES;
				CLANG_WARN_UNGUARDED_AVAILABILITY = YES_AGGRESSIVE;
				CLANG_WARN_UNREACHABLE_CODE = YES;
				CLANG_WARN__DUPLICATE_METHOD_MATCH = YES;
				COPY_PHASE_STRIP = NO;
				DEBUG_INFORMATION_FORMAT = "dwarf-with-dsym";
				ENABLE_NS_ASSERTIONS = NO;
				ENABLE_STRICT_OBJC_MSGSEND = YES;
				GCC_C_LANGUAGE_STANDARD = gnu11;
				GCC_NO_COMMON_BLOCKS = YES;
				GCC_WARN_64_TO_32_BIT_CONVERSION = YES;
				GCC_WARN_ABOUT_RETURN_TYPE = YES_ERROR;
				GCC_WARN_UNDECLARED_SELECTOR = YES;
				GCC_WARN_UNINITIALIZED_AUTOS = YES_AGGRESSIVE;
				GCC_WARN_UNUSED_FUNCTION = YES;
				GCC_WARN_UNUSED_VARIABLE = YES;
				IPHONEOS_DEPLOYMENT_TARGET = 15.5;
				MTL_ENABLE_DEBUG_INFO = NO;
				MTL_FAST_MATH = YES;
				SDKROOT = iphoneos;
				VALIDATE_PRODUCT = YES;
			};
			name = Release;
		};
		267A6580285943B10073E4E1 /* Debug */ = {
			isa = XCBuildConfiguration;
			buildSettings = {
				ASSETCATALOG_COMPILER_APPICON_NAME = AppIcon;
				ASSETCATALOG_COMPILER_GLOBAL_ACCENT_COLOR_NAME = AccentColor;
				CODE_SIGN_STYLE = Automatic;
				CURRENT_PROJECT_VERSION = 1;
				DEVELOPMENT_TEAM = K8BWGLA443;
				GENERATE_INFOPLIST_FILE = YES;
				INFOPLIST_FILE = Tipster/Info.plist;
				INFOPLIST_KEY_UIApplicationSupportsIndirectInputEvents = YES;
				INFOPLIST_KEY_UILaunchStoryboardName = LaunchScreen;
				INFOPLIST_KEY_UIMainStoryboardFile = Main;
				INFOPLIST_KEY_UISupportedInterfaceOrientations_iPad = "UIInterfaceOrientationPortrait UIInterfaceOrientationPortraitUpsideDown UIInterfaceOrientationLandscapeLeft UIInterfaceOrientationLandscapeRight";
				INFOPLIST_KEY_UISupportedInterfaceOrientations_iPhone = "UIInterfaceOrientationPortrait UIInterfaceOrientationLandscapeLeft UIInterfaceOrientationLandscapeRight";
				LD_RUNPATH_SEARCH_PATHS = (
					"$(inherited)",
					"@executable_path/Frameworks",
				);
				MARKETING_VERSION = 1.0;
				PRODUCT_BUNDLE_IDENTIFIER = com.josecastillo.Tipster;
				PRODUCT_NAME = "$(TARGET_NAME)";
				SWIFT_EMIT_LOC_STRINGS = YES;
				TARGETED_DEVICE_FAMILY = "1,2";
			};
			name = Debug;
		};
		267A6581285943B10073E4E1 /* Release */ = {
			isa = XCBuildConfiguration;
			buildSettings = {
				ASSETCATALOG_COMPILER_APPICON_NAME = AppIcon;
				ASSETCATALOG_COMPILER_GLOBAL_ACCENT_COLOR_NAME = AccentColor;
				CODE_SIGN_STYLE = Automatic;
				CURRENT_PROJECT_VERSION = 1;
				DEVELOPMENT_TEAM = K8BWGLA443;
				GENERATE_INFOPLIST_FILE = YES;
				INFOPLIST_FILE = Tipster/Info.plist;
				INFOPLIST_KEY_UIApplicationSupportsIndirectInputEvents = YES;
				INFOPLIST_KEY_UILaunchStoryboardName = LaunchScreen;
				INFOPLIST_KEY_UIMainStoryboardFile = Main;
				INFOPLIST_KEY_UISupportedInterfaceOrientations_iPad = "UIInterfaceOrientationPortrait UIInterfaceOrientationPortraitUpsideDown UIInterfaceOrientationLandscapeLeft UIInterfaceOrientationLandscapeRight";
				INFOPLIST_KEY_UISupportedInterfaceOrientations_iPhone = "UIInterfaceOrientationPortrait UIInterfaceOrientationLandscapeLeft UIInterfaceOrientationLandscapeRight";
				LD_RUNPATH_SEARCH_PATHS = (
					"$(inherited)",
					"@executable_path/Frameworks",
				);
				MARKETING_VERSION = 1.0;
				PRODUCT_BUNDLE_IDENTIFIER = com.josecastillo.Tipster;
				PRODUCT_NAME = "$(TARGET_NAME)";
				SWIFT_EMIT_LOC_STRINGS = YES;
				TARGETED_DEVICE_FAMILY = "1,2";
			};
			name = Release;
		};
		267A6583285943B10073E4E1 /* Debug */ = {
			isa = XCBuildConfiguration;
			buildSettings = {
				BUNDLE_LOADER = "$(TEST_HOST)";
				CODE_SIGN_STYLE = Automatic;
				CURRENT_PROJECT_VERSION = 1;
				DEVELOPMENT_TEAM = K8BWGLA443;
				GENERATE_INFOPLIST_FILE = YES;
				IPHONEOS_DEPLOYMENT_TARGET = 15.5;
				MARKETING_VERSION = 1.0;
				PRODUCT_BUNDLE_IDENTIFIER = com.josecastillo.TipsterTests;
				PRODUCT_NAME = "$(TARGET_NAME)";
				SWIFT_EMIT_LOC_STRINGS = NO;
				TARGETED_DEVICE_FAMILY = "1,2";
				TEST_HOST = "$(BUILT_PRODUCTS_DIR)/Tipster.app/Tipster";
			};
			name = Debug;
		};
		267A6584285943B10073E4E1 /* Release */ = {
			isa = XCBuildConfiguration;
			buildSettings = {
				BUNDLE_LOADER = "$(TEST_HOST)";
				CODE_SIGN_STYLE = Automatic;
				CURRENT_PROJECT_VERSION = 1;
				DEVELOPMENT_TEAM = K8BWGLA443;
				GENERATE_INFOPLIST_FILE = YES;
				IPHONEOS_DEPLOYMENT_TARGET = 15.5;
				MARKETING_VERSION = 1.0;
				PRODUCT_BUNDLE_IDENTIFIER = com.josecastillo.TipsterTests;
				PRODUCT_NAME = "$(TARGET_NAME)";
				SWIFT_EMIT_LOC_STRINGS = NO;
				TARGETED_DEVICE_FAMILY = "1,2";
				TEST_HOST = "$(BUILT_PRODUCTS_DIR)/Tipster.app/Tipster";
			};
			name = Release;
		};
		267A6586285943B10073E4E1 /* Debug */ = {
			isa = XCBuildConfiguration;
			buildSettings = {
				CODE_SIGN_STYLE = Automatic;
				CURRENT_PROJECT_VERSION = 1;
				DEVELOPMENT_TEAM = K8BWGLA443;
				GENERATE_INFOPLIST_FILE = YES;
				MARKETING_VERSION = 1.0;
				PRODUCT_BUNDLE_IDENTIFIER = com.josecastillo.TipsterUITests;
				PRODUCT_NAME = "$(TARGET_NAME)";
				SWIFT_EMIT_LOC_STRINGS = NO;
				TARGETED_DEVICE_FAMILY = "1,2";
				TEST_TARGET_NAME = Tipster;
			};
			name = Debug;
		};
		267A6587285943B10073E4E1 /* Release */ = {
			isa = XCBuildConfiguration;
			buildSettings = {
				CODE_SIGN_STYLE = Automatic;
				CURRENT_PROJECT_VERSION = 1;
				DEVELOPMENT_TEAM = K8BWGLA443;
				GENERATE_INFOPLIST_FILE = YES;
				MARKETING_VERSION = 1.0;
				PRODUCT_BUNDLE_IDENTIFIER = com.josecastillo.TipsterUITests;
				PRODUCT_NAME = "$(TARGET_NAME)";
				SWIFT_EMIT_LOC_STRINGS = NO;
				TARGETED_DEVICE_FAMILY = "1,2";
				TEST_TARGET_NAME = Tipster;
			};
			name = Release;
		};
/* End XCBuildConfiguration section */

/* Begin XCConfigurationList section */
		267A654B285943B00073E4E1 /* Build configuration list for PBXProject "Tipster" */ = {
			isa = XCConfigurationList;
			buildConfigurations = (
				267A657D285943B10073E4E1 /* Debug */,
				267A657E285943B10073E4E1 /* Release */,
			);
			defaultConfigurationIsVisible = 0;
			defaultConfigurationName = Release;
		};
		267A657F285943B10073E4E1 /* Build configuration list for PBXNativeTarget "Tipster" */ = {
			isa = XCConfigurationList;
			buildConfigurations = (
				267A6580285943B10073E4E1 /* Debug */,
				267A6581285943B10073E4E1 /* Release */,
			);
			defaultConfigurationIsVisible = 0;
			defaultConfigurationName = Release;
		};
		267A6582285943B10073E4E1 /* Build configuration list for PBXNativeTarget "TipsterTests" */ = {
			isa = XCConfigurationList;
			buildConfigurations = (
				267A6583285943B10073E4E1 /* Debug */,
				267A6584285943B10073E4E1 /* Release */,
			);
			defaultConfigurationIsVisible = 0;
			defaultConfigurationName = Release;
		};
		267A6585285943B10073E4E1 /* Build configuration list for PBXNativeTarget "TipsterUITests" */ = {
			isa = XCConfigurationList;
			buildConfigurations = (
				267A6586285943B10073E4E1 /* Debug */,
				267A6587285943B10073E4E1 /* Release */,
			);
			defaultConfigurationIsVisible = 0;
			defaultConfigurationName = Release;
		};
/* End XCConfigurationList section */
	};
	rootObject = 267A6548285943B00073E4E1 /* Project object */;
}
